
Microsoft Visual Studio Solution File, Format Version 12.00
# Visual Studio Version 16
VisualStudioVersion = 16.0.31005.135
MinimumVisualStudioVersion = 10.0.40219.1
Project("{FAE04EC0-301F-11D3-BF4B-00C04F79EFBC}") = "ETPGPB", "ETP_GPB\ETPGPB.csproj", "{E5E27D00-8746-4087-A67A-81CF897F17E2}"
EndProject
Global
	GlobalSection(SolutionConfigurationPlatforms) = preSolution
		Debug|Any CPU = Debug|Any CPU
		ETP|Any CPU = ETP|Any CPU
		Release|Any CPU = Release|Any CPU
	EndGlobalSection
	GlobalSection(ProjectConfigurationPlatforms) = postSolution
		{E5E27D00-8746-4087-A67A-81CF897F17E2}.Debug|Any CPU.ActiveCfg = Release|Any CPU
		{E5E27D00-8746-4087-A67A-81CF897F17E2}.Debug|Any CPU.Build.0 = Release|Any CPU
		{E5E27D00-8746-4087-A67A-81CF897F17E2}.ETP|Any CPU.ActiveCfg = ETP|Any CPU
		{E5E27D00-8746-4087-A67A-81CF897F17E2}.ETP|Any CPU.Build.0 = ETP|Any CPU
		{E5E27D00-8746-4087-A67A-81CF897F17E2}.Release|Any CPU.ActiveCfg = Release|Any CPU
		{E5E27D00-8746-4087-A67A-81CF897F17E2}.Release|Any CPU.Build.0 = Release|Any CPU
	EndGlobalSection
	GlobalSection(SolutionProperties) = preSolution
		HideSolutionNode = FALSE
	EndGlobalSection
	GlobalSection(ExtensibilityGlobals) = postSolution
		SolutionGuid = {6FD39E69-4B3A-4DC6-AAC3-E0A790A8C688}
	EndGlobalSection
EndGlobal
